# This file is generated by running "yarn install" inside your project.
# Manual changes might be lost - proceed with caution!

__metadata:
  version: 8
  cacheKey: 10c0

"@hocuspocus/common@npm:^2.13.6":
  version: 2.13.6
  resolution: "@hocuspocus/common@npm:2.13.6"
  dependencies:
    lib0: "npm:^0.2.87"
  checksum: 10c0/a1d9ed24b48b7b0a524051067e3ee7784a6e9a30931f3d6055873616da0ca9e4f0c14b441d770282dadac05fdb885a21066d92a2dc916fa100c2a59437fe6f9a
  languageName: node
  linkType: hard

"@hocuspocus/extension-logger@npm:^2.13.6":
  version: 2.13.6
  resolution: "@hocuspocus/extension-logger@npm:2.13.6"
  dependencies:
    "@hocuspocus/server": "npm:^2.13.6"
  checksum: 10c0/a2ecf436e0aacf09f6b2b575edaaeb2e8dd9f988d0ac4e065eafa56902d370b7122e61c6e07f673b2e5f9a758c0df3dd43f99d49fdbf52e43d4e45a884bce9b5
  languageName: node
  linkType: hard

"@hocuspocus/server@npm:^2.13.6":
  version: 2.13.6
  resolution: "@hocuspocus/server@npm:2.13.6"
  dependencies:
    "@hocuspocus/common": "npm:^2.13.6"
    async-lock: "npm:^1.3.1"
    kleur: "npm:^4.1.4"
    lib0: "npm:^0.2.47"
    uuid: "npm:^10.0.0"
    ws: "npm:^8.5.0"
  peerDependencies:
    y-protocols: ^1.0.6
    yjs: ^13.6.8
  checksum: 10c0/67e9d851ea727d1d47ca0989bce6f1b7be59b303c773a62687efc75a29439b2b1fdd101c975faa71a11ec09bef3297771e3f82b82cdfbde5eb036e54a5065958
  languageName: node
  linkType: hard

"@slate-yjs/core@npm:^1.0.2":
  version: 1.0.2
  resolution: "@slate-yjs/core@npm:1.0.2"
  dependencies:
    y-protocols: "npm:^1.0.5"
  peerDependencies:
    slate: ">=0.70.0"
    yjs: ^13.5.29
  checksum: 10c0/7fda29c1ea4eb3e11304d9168d3b6624cd5ae01c72cd780eb6893ed1e2cb4f4eb479d9a1f670542c36e14fed60ec3df5b8baad112b066e5cef9962328aedccab
  languageName: node
  linkType: hard

"@types/node@npm:^22.5.5":
  version: 22.5.5
  resolution: "@types/node@npm:22.5.5"
  dependencies:
    undici-types: "npm:~6.19.2"
  checksum: 10c0/ead9495cfc6b1da5e7025856dcce2591e9bae635357410c0d2dd619fce797d2a1d402887580ca4b336cb78168b195224869967de370a23f61663cf1e4836121c
  languageName: node
  linkType: hard

"async-lock@npm:^1.3.1":
  version: 1.4.1
  resolution: "async-lock@npm:1.4.1"
  checksum: 10c0/f696991c7d894af1dc91abc81cc4f14b3785190a35afb1646d8ab91138238d55cabd83bfdd56c42663a008d72b3dc39493ff83797e550effc577d1ccbde254af
  languageName: node
  linkType: hard

"immer@npm:^10.0.3":
  version: 10.1.1
  resolution: "immer@npm:10.1.1"
  checksum: 10c0/b749e10d137ccae91788f41bd57e9387f32ea6d6ea8fd7eb47b23fd7766681575efc7f86ceef7fe24c3bc9d61e38ff5d2f49c2663b2b0c056e280a4510923653
  languageName: node
  linkType: hard

"is-plain-object@npm:^5.0.0":
  version: 5.0.0
  resolution: "is-plain-object@npm:5.0.0"
  checksum: 10c0/893e42bad832aae3511c71fd61c0bf61aa3a6d853061c62a307261842727d0d25f761ce9379f7ba7226d6179db2a3157efa918e7fe26360f3bf0842d9f28942c
  languageName: node
  linkType: hard

"isomorphic.js@npm:^0.2.4":
  version: 0.2.5
  resolution: "isomorphic.js@npm:0.2.5"
  checksum: 10c0/7cd268c8e58146a8160c8cd16596291fd1fbf3e8799a325f269accda9dc1238806e371ccef0b66fe2ad957209230c55997248d8b6d02cf2d7c575ffeb759c789
  languageName: node
  linkType: hard

"kleur@npm:^4.1.4":
  version: 4.1.5
  resolution: "kleur@npm:4.1.5"
  checksum: 10c0/e9de6cb49657b6fa70ba2d1448fd3d691a5c4370d8f7bbf1c2f64c24d461270f2117e1b0afe8cb3114f13bbd8e51de158c2a224953960331904e636a5e4c0f2a
  languageName: node
  linkType: hard

"lib0@npm:^0.2.47, lib0@npm:^0.2.85, lib0@npm:^0.2.86, lib0@npm:^0.2.87":
  version: 0.2.97
  resolution: "lib0@npm:0.2.97"
  dependencies:
    isomorphic.js: "npm:^0.2.4"
  bin:
    0ecdsa-generate-keypair: bin/0ecdsa-generate-keypair.js
    0gentesthtml: bin/gentesthtml.js
    0serve: bin/0serve.js
  checksum: 10c0/45ef258a47a537a65ceb628c92145df839559b6b7139fc5db0aa315df314678ebad5c1c4076635782cdb3aa8d6fe352aeca0ad2d6295718c2d8ac03cf29344d3
  languageName: node
  linkType: hard

"plate-server@workspace:.":
  version: 0.0.0-use.local
  resolution: "plate-server@workspace:."
  dependencies:
    "@hocuspocus/extension-logger": "npm:^2.13.6"
    "@hocuspocus/server": "npm:^2.13.6"
    "@slate-yjs/core": "npm:^1.0.2"
    "@types/node": "npm:^22.5.5"
    slate: "npm:^0.103.0"
    typescript: "npm:^5.6.2"
    y-protocols: "npm:^1.0.6"
    yjs: "npm:^13.6.19"
    yjs-types: "npm:^0.0.1"
  languageName: unknown
  linkType: soft

"slate@npm:^0.103.0":
  version: 0.103.0
  resolution: "slate@npm:0.103.0"
  dependencies:
    immer: "npm:^10.0.3"
    is-plain-object: "npm:^5.0.0"
    tiny-warning: "npm:^1.0.3"
  checksum: 10c0/5cde24650d71fb449382305c082310404560a73135510fc3d83bae680c5fc6e1db18347a58186f63efbc3342fd4ff4e447c134301f48683cdef312c87988ce0c
  languageName: node
  linkType: hard

"tiny-warning@npm:^1.0.3":
  version: 1.0.3
  resolution: "tiny-warning@npm:1.0.3"
  checksum: 10c0/ef8531f581b30342f29670cb41ca248001c6fd7975ce22122bd59b8d62b4fc84ad4207ee7faa95cde982fa3357cd8f4be650142abc22805538c3b1392d7084fa
  languageName: node
  linkType: hard

"typescript@npm:^5.6.2":
  version: 5.6.2
  resolution: "typescript@npm:5.6.2"
  bin:
    tsc: bin/tsc
    tsserver: bin/tsserver
  checksum: 10c0/3ed8297a8c7c56b7fec282532503d1ac795239d06e7c4966b42d4330c6cf433a170b53bcf93a130a7f14ccc5235de5560df4f1045eb7f3550b46ebed16d3c5e5
  languageName: node
  linkType: hard

"typescript@patch:typescript@npm%3A^5.6.2#optional!builtin<compat/typescript>":
  version: 5.6.2
  resolution: "typescript@patch:typescript@npm%3A5.6.2#optional!builtin<compat/typescript>::version=5.6.2&hash=8c6c40"
  bin:
    tsc: bin/tsc
    tsserver: bin/tsserver
  checksum: 10c0/94eb47e130d3edd964b76da85975601dcb3604b0c848a36f63ac448d0104e93819d94c8bdf6b07c00120f2ce9c05256b8b6092d23cf5cf1c6fa911159e4d572f
  languageName: node
  linkType: hard

"undici-types@npm:~6.19.2":
  version: 6.19.8
  resolution: "undici-types@npm:6.19.8"
  checksum: 10c0/078afa5990fba110f6824823ace86073b4638f1d5112ee26e790155f481f2a868cc3e0615505b6f4282bdf74a3d8caad715fd809e870c2bb0704e3ea6082f344
  languageName: node
  linkType: hard

"uuid@npm:^10.0.0":
  version: 10.0.0
  resolution: "uuid@npm:10.0.0"
  bin:
    uuid: dist/bin/uuid
  checksum: 10c0/eab18c27fe4ab9fb9709a5d5f40119b45f2ec8314f8d4cf12ce27e4c6f4ffa4a6321dc7db6c515068fa373c075b49691ba969f0010bf37f44c37ca40cd6bf7fe
  languageName: node
  linkType: hard

"ws@npm:^8.5.0":
  version: 8.18.0
  resolution: "ws@npm:8.18.0"
  peerDependencies:
    bufferutil: ^4.0.1
    utf-8-validate: ">=5.0.2"
  peerDependenciesMeta:
    bufferutil:
      optional: true
    utf-8-validate:
      optional: true
  checksum: 10c0/25eb33aff17edcb90721ed6b0eb250976328533ad3cd1a28a274bd263682e7296a6591ff1436d6cbc50fa67463158b062f9d1122013b361cec99a05f84680e06
  languageName: node
  linkType: hard

"y-protocols@npm:^1.0.5, y-protocols@npm:^1.0.6":
  version: 1.0.6
  resolution: "y-protocols@npm:1.0.6"
  dependencies:
    lib0: "npm:^0.2.85"
  peerDependencies:
    yjs: ^13.0.0
  checksum: 10c0/fae7d63d4609e75eac8114320aa3581311993cd0c1b7ac03d13dc30c9a95d7b1680e4500786bb417c1fb3d11a69e1bed3e50d08e15febde9b8abf70f133eb917
  languageName: node
  linkType: hard

"yjs-types@npm:^0.0.1":
  version: 0.0.1
  resolution: "yjs-types@npm:0.0.1"
  peerDependencies:
    yjs: ^13.5.29
  checksum: 10c0/6f71062ffb2a9e6914b542d44397d74b4c3fc246f94670a08b1b9a75ce5679c33f614748193aae2f91f97aec977d38fcb8a4ddc70fd1bd0ec1ab871e2493ffc8
  languageName: node
  linkType: hard

"yjs@npm:^13.6.19":
  version: 13.6.19
  resolution: "yjs@npm:13.6.19"
  dependencies:
    lib0: "npm:^0.2.86"
  checksum: 10c0/225dfe2b94cd275cdb1ab1749a0a68da1f3454e9a64a6de5730ee8b934ba6cb66731d7a293294bcd2b20c7887c5374a56c390e8acac215fd3b5b48cf2bfea6ed
  languageName: node
  linkType: hard
